// !$*UTF8*$!
{
	archiveVersion = 1;
	classes = {
	};
	objectVersion = 50;
	objects = {

/* Begin PBXBuildFile section */
		6D1AA3A023DA9A5F00C9C597 /* AppDelegate.swift in Sources */ = {isa = PBXBuildFile; fileRef = 6D1AA39F23DA9A5F00C9C597 /* AppDelegate.swift */; };
		6D1AA3A223DA9A5F00C9C597 /* SceneDelegate.swift in Sources */ = {isa = PBXBuildFile; fileRef = 6D1AA3A123DA9A5F00C9C597 /* SceneDelegate.swift */; };
		6D1AA3A423DA9A5F00C9C597 /* ViewController.swift in Sources */ = {isa = PBXBuildFile; fileRef = 6D1AA3A323DA9A5F00C9C597 /* ViewController.swift */; };
		6D1AA3A723DA9A5F00C9C597 /* Main.storyboard in Resources */ = {isa = PBXBuildFile; fileRef = 6D1AA3A523DA9A5F00C9C597 /* Main.storyboard */; };
		6D1AA3A923DA9A6600C9C597 /* Assets.xcassets in Resources */ = {isa = PBXBuildFile; fileRef = 6D1AA3A823DA9A6600C9C597 /* Assets.xcassets */; };
		6D1AA3AC23DA9A6600C9C597 /* LaunchScreen.storyboard in Resources */ = {isa = PBXBuildFile; fileRef = 6D1AA3AA23DA9A6600C9C597 /* LaunchScreen.storyboard */; };
		6D1AA3B723DA9A6600C9C597 /* sHerosTests.swift in Sources */ = {isa = PBXBuildFile; fileRef = 6D1AA3B623DA9A6600C9C597 /* sHerosTests.swift */; };
		6D1AA3C623DBF49500C9C597 /* GenerateCrypto.swift in Sources */ = {isa = PBXBuildFile; fileRef = 6D1AA3C523DBF49500C9C597 /* GenerateCrypto.swift */; };
		6D1AA3C923DBF71300C9C597 /* RemoteAddress.swift in Sources */ = {isa = PBXBuildFile; fileRef = 6D1AA3C823DBF71300C9C597 /* RemoteAddress.swift */; };
		6D1AA3CB23DBF71900C9C597 /* RemoteProvider.swift in Sources */ = {isa = PBXBuildFile; fileRef = 6D1AA3CA23DBF71900C9C597 /* RemoteProvider.swift */; };
		6D1AA3CE23DBF73A00C9C597 /* DefaultHTTPClient.swift in Sources */ = {isa = PBXBuildFile; fileRef = 6D1AA3CD23DBF73A00C9C597 /* DefaultHTTPClient.swift */; };
		6D1AA3D023DBF74300C9C597 /* HTTPClient.swift in Sources */ = {isa = PBXBuildFile; fileRef = 6D1AA3CF23DBF74300C9C597 /* HTTPClient.swift */; };
		6D1AA3D223DBF74B00C9C597 /* HTTPMethod.swift in Sources */ = {isa = PBXBuildFile; fileRef = 6D1AA3D123DBF74B00C9C597 /* HTTPMethod.swift */; };
		6D1AA3D423DBF75500C9C597 /* HTTPError.swift in Sources */ = {isa = PBXBuildFile; fileRef = 6D1AA3D323DBF75500C9C597 /* HTTPError.swift */; };
		6D1AA3DD23DC083E00C9C597 /* ObtainCharactersRequest.swift in Sources */ = {isa = PBXBuildFile; fileRef = 6D1AA3DC23DC083E00C9C597 /* ObtainCharactersRequest.swift */; };
		6D1AA3DF23DC084500C9C597 /* ObtainCharacterRequest.swift in Sources */ = {isa = PBXBuildFile; fileRef = 6D1AA3DE23DC084400C9C597 /* ObtainCharacterRequest.swift */; };
		6D1AA3E123DC0DFE00C9C597 /* CharactersProvider.swift in Sources */ = {isa = PBXBuildFile; fileRef = 6D1AA3E023DC0DFE00C9C597 /* CharactersProvider.swift */; };
		6D1AA3E523DC112600C9C597 /* SimplifiedCharacter.swift in Sources */ = {isa = PBXBuildFile; fileRef = 6D1AA3E423DC112600C9C597 /* SimplifiedCharacter.swift */; };
		6D1AA3E823DC11F900C9C597 /* Thumbnail.swift in Sources */ = {isa = PBXBuildFile; fileRef = 6D1AA3E723DC11F900C9C597 /* Thumbnail.swift */; };
		6D1AA3EC23DC130800C9C597 /* CharacterSimple.swift in Sources */ = {isa = PBXBuildFile; fileRef = 6D1AA3EB23DC130800C9C597 /* CharacterSimple.swift */; };
		6D1AA3EE23DC131200C9C597 /* CharacteFull.swift in Sources */ = {isa = PBXBuildFile; fileRef = 6D1AA3ED23DC131200C9C597 /* CharacteFull.swift */; };
		6D1AA3F123DC13C500C9C597 /* ListOfCharacters.swift in Sources */ = {isa = PBXBuildFile; fileRef = 6D1AA3F023DC13C500C9C597 /* ListOfCharacters.swift */; };
		6D1AA3F523DC166500C9C597 /* Attributes.swift in Sources */ = {isa = PBXBuildFile; fileRef = 6D1AA3F423DC166500C9C597 /* Attributes.swift */; };
		6D1AA3F723DC16BE00C9C597 /* CharacterSummaryDetail.swift in Sources */ = {isa = PBXBuildFile; fileRef = 6D1AA3F623DC16BE00C9C597 /* CharacterSummaryDetail.swift */; };
		6D1AA3F923DC16E900C9C597 /* CharactersSummary.swift in Sources */ = {isa = PBXBuildFile; fileRef = 6D1AA3F823DC16E900C9C597 /* CharactersSummary.swift */; };
		6D1AA3FC23DC178E00C9C597 /* CharacterDetail.swift in Sources */ = {isa = PBXBuildFile; fileRef = 6D1AA3FB23DC178E00C9C597 /* CharacterDetail.swift */; };
		6D1AA40023DCCD7100C9C597 /* CharacterProvider.swift in Sources */ = {isa = PBXBuildFile; fileRef = 6D1AA3FF23DCCD7100C9C597 /* CharacterProvider.swift */; };
		6D1AA40623DCE0B200C9C597 /* ListCharactersPresenter.swift in Sources */ = {isa = PBXBuildFile; fileRef = 6D1AA40523DCE0B200C9C597 /* ListCharactersPresenter.swift */; };
		6D1AA40823DCE0B900C9C597 /* ListCharactersInteractor.swift in Sources */ = {isa = PBXBuildFile; fileRef = 6D1AA40723DCE0B900C9C597 /* ListCharactersInteractor.swift */; };
		6D1AA40A23DCE0BF00C9C597 /* ListCharactersRouter.swift in Sources */ = {isa = PBXBuildFile; fileRef = 6D1AA40923DCE0BF00C9C597 /* ListCharactersRouter.swift */; };
		6D1AA40C23DCE0CC00C9C597 /* ListCharactersView.swift in Sources */ = {isa = PBXBuildFile; fileRef = 6D1AA40B23DCE0CC00C9C597 /* ListCharactersView.swift */; };
/* End PBXBuildFile section */

/* Begin PBXContainerItemProxy section */
		6D1AA3B323DA9A6600C9C597 /* PBXContainerItemProxy */ = {
			isa = PBXContainerItemProxy;
			containerPortal = 6D1AA39423DA9A5F00C9C597 /* Project object */;
			proxyType = 1;
			remoteGlobalIDString = 6D1AA39B23DA9A5F00C9C597;
			remoteInfo = sHeros;
		};
/* End PBXContainerItemProxy section */

/* Begin PBXFileReference section */
		6D1AA39C23DA9A5F00C9C597 /* sHeros.app */ = {isa = PBXFileReference; explicitFileType = wrapper.application; includeInIndex = 0; path = sHeros.app; sourceTree = BUILT_PRODUCTS_DIR; };
		6D1AA39F23DA9A5F00C9C597 /* AppDelegate.swift */ = {isa = PBXFileReference; lastKnownFileType = sourcecode.swift; path = AppDelegate.swift; sourceTree = "<group>"; };
		6D1AA3A123DA9A5F00C9C597 /* SceneDelegate.swift */ = {isa = PBXFileReference; lastKnownFileType = sourcecode.swift; path = SceneDelegate.swift; sourceTree = "<group>"; };
		6D1AA3A323DA9A5F00C9C597 /* ViewController.swift */ = {isa = PBXFileReference; lastKnownFileType = sourcecode.swift; path = ViewController.swift; sourceTree = "<group>"; };
		6D1AA3A623DA9A5F00C9C597 /* Base */ = {isa = PBXFileReference; lastKnownFileType = file.storyboard; name = Base; path = Base.lproj/Main.storyboard; sourceTree = "<group>"; };
		6D1AA3A823DA9A6600C9C597 /* Assets.xcassets */ = {isa = PBXFileReference; lastKnownFileType = folder.assetcatalog; path = Assets.xcassets; sourceTree = "<group>"; };
		6D1AA3AB23DA9A6600C9C597 /* Base */ = {isa = PBXFileReference; lastKnownFileType = file.storyboard; name = Base; path = Base.lproj/LaunchScreen.storyboard; sourceTree = "<group>"; };
		6D1AA3AD23DA9A6600C9C597 /* Info.plist */ = {isa = PBXFileReference; lastKnownFileType = text.plist.xml; path = Info.plist; sourceTree = "<group>"; };
		6D1AA3B223DA9A6600C9C597 /* sHerosTests.xctest */ = {isa = PBXFileReference; explicitFileType = wrapper.cfbundle; includeInIndex = 0; path = sHerosTests.xctest; sourceTree = BUILT_PRODUCTS_DIR; };
		6D1AA3B623DA9A6600C9C597 /* sHerosTests.swift */ = {isa = PBXFileReference; lastKnownFileType = sourcecode.swift; path = sHerosTests.swift; sourceTree = "<group>"; };
		6D1AA3B823DA9A6600C9C597 /* Info.plist */ = {isa = PBXFileReference; lastKnownFileType = text.plist.xml; path = Info.plist; sourceTree = "<group>"; };
		6D1AA3C523DBF49500C9C597 /* GenerateCrypto.swift */ = {isa = PBXFileReference; lastKnownFileType = sourcecode.swift; path = GenerateCrypto.swift; sourceTree = "<group>"; };
		6D1AA3C823DBF71300C9C597 /* RemoteAddress.swift */ = {isa = PBXFileReference; lastKnownFileType = sourcecode.swift; path = RemoteAddress.swift; sourceTree = "<group>"; };
		6D1AA3CA23DBF71900C9C597 /* RemoteProvider.swift */ = {isa = PBXFileReference; lastKnownFileType = sourcecode.swift; path = RemoteProvider.swift; sourceTree = "<group>"; };
		6D1AA3CD23DBF73A00C9C597 /* DefaultHTTPClient.swift */ = {isa = PBXFileReference; lastKnownFileType = sourcecode.swift; path = DefaultHTTPClient.swift; sourceTree = "<group>"; };
		6D1AA3CF23DBF74300C9C597 /* HTTPClient.swift */ = {isa = PBXFileReference; lastKnownFileType = sourcecode.swift; path = HTTPClient.swift; sourceTree = "<group>"; };
		6D1AA3D123DBF74B00C9C597 /* HTTPMethod.swift */ = {isa = PBXFileReference; lastKnownFileType = sourcecode.swift; path = HTTPMethod.swift; sourceTree = "<group>"; };
		6D1AA3D323DBF75500C9C597 /* HTTPError.swift */ = {isa = PBXFileReference; lastKnownFileType = sourcecode.swift; path = HTTPError.swift; sourceTree = "<group>"; };
		6D1AA3DC23DC083E00C9C597 /* ObtainCharactersRequest.swift */ = {isa = PBXFileReference; lastKnownFileType = sourcecode.swift; path = ObtainCharactersRequest.swift; sourceTree = "<group>"; };
		6D1AA3DE23DC084400C9C597 /* ObtainCharacterRequest.swift */ = {isa = PBXFileReference; lastKnownFileType = sourcecode.swift; path = ObtainCharacterRequest.swift; sourceTree = "<group>"; };
		6D1AA3E023DC0DFE00C9C597 /* CharactersProvider.swift */ = {isa = PBXFileReference; lastKnownFileType = sourcecode.swift; path = CharactersProvider.swift; sourceTree = "<group>"; };
		6D1AA3E423DC112600C9C597 /* SimplifiedCharacter.swift */ = {isa = PBXFileReference; lastKnownFileType = sourcecode.swift; path = SimplifiedCharacter.swift; sourceTree = "<group>"; };
		6D1AA3E723DC11F900C9C597 /* Thumbnail.swift */ = {isa = PBXFileReference; lastKnownFileType = sourcecode.swift; path = Thumbnail.swift; sourceTree = "<group>"; };
		6D1AA3EB23DC130800C9C597 /* CharacterSimple.swift */ = {isa = PBXFileReference; lastKnownFileType = sourcecode.swift; path = CharacterSimple.swift; sourceTree = "<group>"; };
		6D1AA3ED23DC131200C9C597 /* CharacteFull.swift */ = {isa = PBXFileReference; lastKnownFileType = sourcecode.swift; path = CharacteFull.swift; sourceTree = "<group>"; };
		6D1AA3F023DC13C500C9C597 /* ListOfCharacters.swift */ = {isa = PBXFileReference; lastKnownFileType = sourcecode.swift; path = ListOfCharacters.swift; sourceTree = "<group>"; };
		6D1AA3F423DC166500C9C597 /* Attributes.swift */ = {isa = PBXFileReference; lastKnownFileType = sourcecode.swift; path = Attributes.swift; sourceTree = "<group>"; };
		6D1AA3F623DC16BE00C9C597 /* CharacterSummaryDetail.swift */ = {isa = PBXFileReference; lastKnownFileType = sourcecode.swift; path = CharacterSummaryDetail.swift; sourceTree = "<group>"; };
		6D1AA3F823DC16E900C9C597 /* CharactersSummary.swift */ = {isa = PBXFileReference; lastKnownFileType = sourcecode.swift; path = CharactersSummary.swift; sourceTree = "<group>"; };
		6D1AA3FB23DC178E00C9C597 /* CharacterDetail.swift */ = {isa = PBXFileReference; lastKnownFileType = sourcecode.swift; path = CharacterDetail.swift; sourceTree = "<group>"; };
		6D1AA3FF23DCCD7100C9C597 /* CharacterProvider.swift */ = {isa = PBXFileReference; lastKnownFileType = sourcecode.swift; path = CharacterProvider.swift; sourceTree = "<group>"; };
		6D1AA40523DCE0B200C9C597 /* ListCharactersPresenter.swift */ = {isa = PBXFileReference; lastKnownFileType = sourcecode.swift; path = ListCharactersPresenter.swift; sourceTree = "<group>"; };
		6D1AA40723DCE0B900C9C597 /* ListCharactersInteractor.swift */ = {isa = PBXFileReference; lastKnownFileType = sourcecode.swift; path = ListCharactersInteractor.swift; sourceTree = "<group>"; };
		6D1AA40923DCE0BF00C9C597 /* ListCharactersRouter.swift */ = {isa = PBXFileReference; lastKnownFileType = sourcecode.swift; path = ListCharactersRouter.swift; sourceTree = "<group>"; };
		6D1AA40B23DCE0CC00C9C597 /* ListCharactersView.swift */ = {isa = PBXFileReference; lastKnownFileType = sourcecode.swift; path = ListCharactersView.swift; sourceTree = "<group>"; };
/* End PBXFileReference section */

/* Begin PBXFrameworksBuildPhase section */
		6D1AA39923DA9A5F00C9C597 /* Frameworks */ = {
			isa = PBXFrameworksBuildPhase;
			buildActionMask = 2147483647;
			files = (
			);
			runOnlyForDeploymentPostprocessing = 0;
		};
		6D1AA3AF23DA9A6600C9C597 /* Frameworks */ = {
			isa = PBXFrameworksBuildPhase;
			buildActionMask = 2147483647;
			files = (
			);
			runOnlyForDeploymentPostprocessing = 0;
		};
/* End PBXFrameworksBuildPhase section */

/* Begin PBXGroup section */
		6D1AA39323DA9A5F00C9C597 = {
			isa = PBXGroup;
			children = (
				6D1AA39E23DA9A5F00C9C597 /* sHeros */,
				6D1AA3B523DA9A6600C9C597 /* sHerosTests */,
				6D1AA39D23DA9A5F00C9C597 /* Products */,
			);
			sourceTree = "<group>";
		};
		6D1AA39D23DA9A5F00C9C597 /* Products */ = {
			isa = PBXGroup;
			children = (
				6D1AA39C23DA9A5F00C9C597 /* sHeros.app */,
				6D1AA3B223DA9A6600C9C597 /* sHerosTests.xctest */,
			);
			name = Products;
			sourceTree = "<group>";
		};
		6D1AA39E23DA9A5F00C9C597 /* sHeros */ = {
			isa = PBXGroup;
			children = (
				6D1AA39F23DA9A5F00C9C597 /* AppDelegate.swift */,
				6D1AA3A123DA9A5F00C9C597 /* SceneDelegate.swift */,
				6D1AA3A323DA9A5F00C9C597 /* ViewController.swift */,
				6D1AA3C323DBF46800C9C597 /* Utils */,
				6D1AA3E223DC0E1800C9C597 /* Model */,
				6D1AA3C123DBF44700C9C597 /* Infrastructure */,
				6D1AA40123DCE01900C9C597 /* Feature */,
				6D1AA3A523DA9A5F00C9C597 /* Main.storyboard */,
				6D1AA3A823DA9A6600C9C597 /* Assets.xcassets */,
				6D1AA3AA23DA9A6600C9C597 /* LaunchScreen.storyboard */,
				6D1AA3AD23DA9A6600C9C597 /* Info.plist */,
			);
			path = sHeros;
			sourceTree = "<group>";
		};
		6D1AA3B523DA9A6600C9C597 /* sHerosTests */ = {
			isa = PBXGroup;
			children = (
				6D1AA3B623DA9A6600C9C597 /* sHerosTests.swift */,
				6D1AA3B823DA9A6600C9C597 /* Info.plist */,
			);
			path = sHerosTests;
			sourceTree = "<group>";
		};
		6D1AA3C123DBF44700C9C597 /* Infrastructure */ = {
			isa = PBXGroup;
			children = (
				6D1AA3C223DBF45200C9C597 /* Shared */,
				6D1AA3D523DC079800C9C597 /* Character */,
			);
			path = Infrastructure;
			sourceTree = "<group>";
		};
		6D1AA3C223DBF45200C9C597 /* Shared */ = {
			isa = PBXGroup;
			children = (
				6D1AA3C723DBF6C600C9C597 /* Remote */,
			);
			path = Shared;
			sourceTree = "<group>";
		};
		6D1AA3C323DBF46800C9C597 /* Utils */ = {
			isa = PBXGroup;
			children = (
				6D1AA3C423DBF47500C9C597 /* MD5 */,
			);
			path = Utils;
			sourceTree = "<group>";
		};
		6D1AA3C423DBF47500C9C597 /* MD5 */ = {
			isa = PBXGroup;
			children = (
				6D1AA3C523DBF49500C9C597 /* GenerateCrypto.swift */,
			);
			path = MD5;
			sourceTree = "<group>";
		};
		6D1AA3C723DBF6C600C9C597 /* Remote */ = {
			isa = PBXGroup;
			children = (
				6D1AA3C823DBF71300C9C597 /* RemoteAddress.swift */,
				6D1AA3CA23DBF71900C9C597 /* RemoteProvider.swift */,
				6D1AA3CC23DBF72100C9C597 /* HTTPClient */,
			);
			path = Remote;
			sourceTree = "<group>";
		};
		6D1AA3CC23DBF72100C9C597 /* HTTPClient */ = {
			isa = PBXGroup;
			children = (
				6D1AA3CD23DBF73A00C9C597 /* DefaultHTTPClient.swift */,
				6D1AA3CF23DBF74300C9C597 /* HTTPClient.swift */,
				6D1AA3D123DBF74B00C9C597 /* HTTPMethod.swift */,
				6D1AA3D323DBF75500C9C597 /* HTTPError.swift */,
			);
			path = HTTPClient;
			sourceTree = "<group>";
		};
		6D1AA3D523DC079800C9C597 /* Character */ = {
			isa = PBXGroup;
			children = (
				6D1AA3D723DC07BB00C9C597 /* List */,
				6D1AA3D623DC07B800C9C597 /* Single */,
			);
			path = Character;
			sourceTree = "<group>";
		};
		6D1AA3D623DC07B800C9C597 /* Single */ = {
			isa = PBXGroup;
			children = (
				6D1AA3D923DC07D400C9C597 /* Remote */,
			);
			path = Single;
			sourceTree = "<group>";
		};
		6D1AA3D723DC07BB00C9C597 /* List */ = {
			isa = PBXGroup;
			children = (
				6D1AA3D823DC07D100C9C597 /* Remote */,
			);
			path = List;
			sourceTree = "<group>";
		};
		6D1AA3D823DC07D100C9C597 /* Remote */ = {
			isa = PBXGroup;
			children = (
				6D1AA3DA23DC07E300C9C597 /* ObtainCharacters */,
			);
			path = Remote;
			sourceTree = "<group>";
		};
		6D1AA3D923DC07D400C9C597 /* Remote */ = {
			isa = PBXGroup;
			children = (
				6D1AA3DB23DC07EC00C9C597 /* ObtainCharacter */,
			);
			path = Remote;
			sourceTree = "<group>";
		};
		6D1AA3DA23DC07E300C9C597 /* ObtainCharacters */ = {
			isa = PBXGroup;
			children = (
				6D1AA3DC23DC083E00C9C597 /* ObtainCharactersRequest.swift */,
				6D1AA3E023DC0DFE00C9C597 /* CharactersProvider.swift */,
			);
			path = ObtainCharacters;
			sourceTree = "<group>";
		};
		6D1AA3DB23DC07EC00C9C597 /* ObtainCharacter */ = {
			isa = PBXGroup;
			children = (
				6D1AA3DE23DC084400C9C597 /* ObtainCharacterRequest.swift */,
				6D1AA3FF23DCCD7100C9C597 /* CharacterProvider.swift */,
			);
			path = ObtainCharacter;
			sourceTree = "<group>";
		};
		6D1AA3E223DC0E1800C9C597 /* Model */ = {
			isa = PBXGroup;
			children = (
				6D1AA3F323DC165500C9C597 /* Attributes */,
				6D1AA3E623DC11E200C9C597 /* Thumbnail */,
				6D1AA3E323DC0E2700C9C597 /* Character */,
			);
			path = Model;
			sourceTree = "<group>";
		};
		6D1AA3E323DC0E2700C9C597 /* Character */ = {
			isa = PBXGroup;
			children = (
				6D1AA3F823DC16E900C9C597 /* CharactersSummary.swift */,
				6D1AA3F623DC16BE00C9C597 /* CharacterSummaryDetail.swift */,
				6D1AA3E423DC112600C9C597 /* SimplifiedCharacter.swift */,
				6D1AA3EF23DC13B600C9C597 /* List */,
				6D1AA3FA23DC178100C9C597 /* Detail */,
				6D1AA3E923DC12F100C9C597 /* Simple */,
				6D1AA3EA23DC12F200C9C597 /* Full */,
			);
			path = Character;
			sourceTree = "<group>";
		};
		6D1AA3E623DC11E200C9C597 /* Thumbnail */ = {
			isa = PBXGroup;
			children = (
				6D1AA3E723DC11F900C9C597 /* Thumbnail.swift */,
			);
			path = Thumbnail;
			sourceTree = "<group>";
		};
		6D1AA3E923DC12F100C9C597 /* Simple */ = {
			isa = PBXGroup;
			children = (
				6D1AA3EB23DC130800C9C597 /* CharacterSimple.swift */,
			);
			path = Simple;
			sourceTree = "<group>";
		};
		6D1AA3EA23DC12F200C9C597 /* Full */ = {
			isa = PBXGroup;
			children = (
				6D1AA3ED23DC131200C9C597 /* CharacteFull.swift */,
			);
			path = Full;
			sourceTree = "<group>";
		};
		6D1AA3EF23DC13B600C9C597 /* List */ = {
			isa = PBXGroup;
			children = (
				6D1AA3F023DC13C500C9C597 /* ListOfCharacters.swift */,
			);
			path = List;
			sourceTree = "<group>";
		};
		6D1AA3F323DC165500C9C597 /* Attributes */ = {
			isa = PBXGroup;
			children = (
				6D1AA3F423DC166500C9C597 /* Attributes.swift */,
			);
			path = Attributes;
			sourceTree = "<group>";
		};
		6D1AA3FA23DC178100C9C597 /* Detail */ = {
			isa = PBXGroup;
			children = (
				6D1AA3FB23DC178E00C9C597 /* CharacterDetail.swift */,
			);
			path = Detail;
			sourceTree = "<group>";
		};
		6D1AA40123DCE01900C9C597 /* Feature */ = {
			isa = PBXGroup;
			children = (
				6D1AA40223DCE08700C9C597 /* Character */,
			);
			path = Feature;
			sourceTree = "<group>";
		};
		6D1AA40223DCE08700C9C597 /* Character */ = {
			isa = PBXGroup;
			children = (
				6D1AA40423DCE09800C9C597 /* List */,
				6D1AA40323DCE09500C9C597 /* Detail */,
			);
			path = Character;
			sourceTree = "<group>";
		};
		6D1AA40323DCE09500C9C597 /* Detail */ = {
			isa = PBXGroup;
			children = (
			);
			path = Detail;
			sourceTree = "<group>";
		};
		6D1AA40423DCE09800C9C597 /* List */ = {
			isa = PBXGroup;
			children = (
				6D1AA40523DCE0B200C9C597 /* ListCharactersPresenter.swift */,
				6D1AA40723DCE0B900C9C597 /* ListCharactersInteractor.swift */,
				6D1AA40923DCE0BF00C9C597 /* ListCharactersRouter.swift */,
				6D1AA40B23DCE0CC00C9C597 /* ListCharactersView.swift */,
			);
			path = List;
			sourceTree = "<group>";
		};
/* End PBXGroup section */

/* Begin PBXNativeTarget section */
		6D1AA39B23DA9A5F00C9C597 /* sHeros */ = {
			isa = PBXNativeTarget;
			buildConfigurationList = 6D1AA3BB23DA9A6600C9C597 /* Build configuration list for PBXNativeTarget "sHeros" */;
			buildPhases = (
				6D1AA39823DA9A5F00C9C597 /* Sources */,
				6D1AA39923DA9A5F00C9C597 /* Frameworks */,
				6D1AA39A23DA9A5F00C9C597 /* Resources */,
			);
			buildRules = (
			);
			dependencies = (
			);
			name = sHeros;
			productName = sHeros;
			productReference = 6D1AA39C23DA9A5F00C9C597 /* sHeros.app */;
			productType = "com.apple.product-type.application";
		};
		6D1AA3B123DA9A6600C9C597 /* sHerosTests */ = {
			isa = PBXNativeTarget;
			buildConfigurationList = 6D1AA3BE23DA9A6600C9C597 /* Build configuration list for PBXNativeTarget "sHerosTests" */;
			buildPhases = (
				6D1AA3AE23DA9A6600C9C597 /* Sources */,
				6D1AA3AF23DA9A6600C9C597 /* Frameworks */,
				6D1AA3B023DA9A6600C9C597 /* Resources */,
			);
			buildRules = (
			);
			dependencies = (
				6D1AA3B423DA9A6600C9C597 /* PBXTargetDependency */,
			);
			name = sHerosTests;
			productName = sHerosTests;
			productReference = 6D1AA3B223DA9A6600C9C597 /* sHerosTests.xctest */;
			productType = "com.apple.product-type.bundle.unit-test";
		};
/* End PBXNativeTarget section */

/* Begin PBXProject section */
		6D1AA39423DA9A5F00C9C597 /* Project object */ = {
			isa = PBXProject;
			attributes = {
				LastSwiftUpdateCheck = 1130;
				LastUpgradeCheck = 1130;
				ORGANIZATIONNAME = "Rodrigo Miyashiro";
				TargetAttributes = {
					6D1AA39B23DA9A5F00C9C597 = {
						CreatedOnToolsVersion = 11.3.1;
					};
					6D1AA3B123DA9A6600C9C597 = {
						CreatedOnToolsVersion = 11.3.1;
						TestTargetID = 6D1AA39B23DA9A5F00C9C597;
					};
				};
			};
			buildConfigurationList = 6D1AA39723DA9A5F00C9C597 /* Build configuration list for PBXProject "sHeros" */;
			compatibilityVersion = "Xcode 9.3";
			developmentRegion = en;
			hasScannedForEncodings = 0;
			knownRegions = (
				en,
				Base,
			);
			mainGroup = 6D1AA39323DA9A5F00C9C597;
			productRefGroup = 6D1AA39D23DA9A5F00C9C597 /* Products */;
			projectDirPath = "";
			projectRoot = "";
			targets = (
				6D1AA39B23DA9A5F00C9C597 /* sHeros */,
				6D1AA3B123DA9A6600C9C597 /* sHerosTests */,
			);
		};
/* End PBXProject section */

/* Begin PBXResourcesBuildPhase section */
		6D1AA39A23DA9A5F00C9C597 /* Resources */ = {
			isa = PBXResourcesBuildPhase;
			buildActionMask = 2147483647;
			files = (
				6D1AA3AC23DA9A6600C9C597 /* LaunchScreen.storyboard in Resources */,
				6D1AA3A923DA9A6600C9C597 /* Assets.xcassets in Resources */,
				6D1AA3A723DA9A5F00C9C597 /* Main.storyboard in Resources */,
			);
			runOnlyForDeploymentPostprocessing = 0;
		};
		6D1AA3B023DA9A6600C9C597 /* Resources */ = {
			isa = PBXResourcesBuildPhase;
			buildActionMask = 2147483647;
			files = (
			);
			runOnlyForDeploymentPostprocessing = 0;
		};
/* End PBXResourcesBuildPhase section */

/* Begin PBXSourcesBuildPhase section */
		6D1AA39823DA9A5F00C9C597 /* Sources */ = {
			isa = PBXSourcesBuildPhase;
			buildActionMask = 2147483647;
			files = (
				6D1AA3FC23DC178E00C9C597 /* CharacterDetail.swift in Sources */,
				6D1AA3A423DA9A5F00C9C597 /* ViewController.swift in Sources */,
				6D1AA3E523DC112600C9C597 /* SimplifiedCharacter.swift in Sources */,
				6D1AA3F523DC166500C9C597 /* Attributes.swift in Sources */,
				6D1AA3CE23DBF73A00C9C597 /* DefaultHTTPClient.swift in Sources */,
				6D1AA40C23DCE0CC00C9C597 /* ListCharactersView.swift in Sources */,
				6D1AA3D023DBF74300C9C597 /* HTTPClient.swift in Sources */,
				6D1AA3A023DA9A5F00C9C597 /* AppDelegate.swift in Sources */,
				6D1AA3A223DA9A5F00C9C597 /* SceneDelegate.swift in Sources */,
				6D1AA40823DCE0B900C9C597 /* ListCharactersInteractor.swift in Sources */,
				6D1AA3E123DC0DFE00C9C597 /* CharactersProvider.swift in Sources */,
				6D1AA3EC23DC130800C9C597 /* CharacterSimple.swift in Sources */,
				6D1AA3D223DBF74B00C9C597 /* HTTPMethod.swift in Sources */,
				6D1AA40A23DCE0BF00C9C597 /* ListCharactersRouter.swift in Sources */,
				6D1AA3E823DC11F900C9C597 /* Thumbnail.swift in Sources */,
				6D1AA40623DCE0B200C9C597 /* ListCharactersPresenter.swift in Sources */,
				6D1AA3F123DC13C500C9C597 /* ListOfCharacters.swift in Sources */,
				6D1AA3F723DC16BE00C9C597 /* CharacterSummaryDetail.swift in Sources */,
				6D1AA3DD23DC083E00C9C597 /* ObtainCharactersRequest.swift in Sources */,
				6D1AA3D423DBF75500C9C597 /* HTTPError.swift in Sources */,
				6D1AA3C623DBF49500C9C597 /* GenerateCrypto.swift in Sources */,
				6D1AA3CB23DBF71900C9C597 /* RemoteProvider.swift in Sources */,
				6D1AA3DF23DC084500C9C597 /* ObtainCharacterRequest.swift in Sources */,
				6D1AA3EE23DC131200C9C597 /* CharacteFull.swift in Sources */,
				6D1AA40023DCCD7100C9C597 /* CharacterProvider.swift in Sources */,
				6D1AA3F923DC16E900C9C597 /* CharactersSummary.swift in Sources */,
				6D1AA3C923DBF71300C9C597 /* RemoteAddress.swift in Sources */,
			);
			runOnlyForDeploymentPostprocessing = 0;
		};
		6D1AA3AE23DA9A6600C9C597 /* Sources */ = {
			isa = PBXSourcesBuildPhase;
			buildActionMask = 2147483647;
			files = (
				6D1AA3B723DA9A6600C9C597 /* sHerosTests.swift in Sources */,
			);
			runOnlyForDeploymentPostprocessing = 0;
		};
/* End PBXSourcesBuildPhase section */

/* Begin PBXTargetDependency section */
		6D1AA3B423DA9A6600C9C597 /* PBXTargetDependency */ = {
			isa = PBXTargetDependency;
			target = 6D1AA39B23DA9A5F00C9C597 /* sHeros */;
			targetProxy = 6D1AA3B323DA9A6600C9C597 /* PBXContainerItemProxy */;
		};
/* End PBXTargetDependency section */

/* Begin PBXVariantGroup section */
		6D1AA3A523DA9A5F00C9C597 /* Main.storyboard */ = {
			isa = PBXVariantGroup;
			children = (
				6D1AA3A623DA9A5F00C9C597 /* Base */,
			);
			name = Main.storyboard;
			sourceTree = "<group>";
		};
		6D1AA3AA23DA9A6600C9C597 /* LaunchScreen.storyboard */ = {
			isa = PBXVariantGroup;
			children = (
				6D1AA3AB23DA9A6600C9C597 /* Base */,
			);
			name = LaunchScreen.storyboard;
			sourceTree = "<group>";
		};
/* End PBXVariantGroup section */

/* Begin XCBuildConfiguration section */
		6D1AA3B923DA9A6600C9C597 /* Debug */ = {
			isa = XCBuildConfiguration;
			buildSettings = {
				ALWAYS_SEARCH_USER_PATHS = NO;
				CLANG_ANALYZER_NONNULL = YES;
				CLANG_ANALYZER_NUMBER_OBJECT_CONVERSION = YES_AGGRESSIVE;
				CLANG_CXX_LANGUAGE_STANDARD = "gnu++14";
				CLANG_CXX_LIBRARY = "libc++";
				CLANG_ENABLE_MODULES = YES;
				CLANG_ENABLE_OBJC_ARC = YES;
				CLANG_ENABLE_OBJC_WEAK = YES;
				CLANG_WARN_BLOCK_CAPTURE_AUTORELEASING = YES;
				CLANG_WARN_BOOL_CONVERSION = YES;
				CLANG_WARN_COMMA = YES;
				CLANG_WARN_CONSTANT_CONVERSION = YES;
				CLANG_WARN_DEPRECATED_OBJC_IMPLEMENTATIONS = YES;
				CLANG_WARN_DIRECT_OBJC_ISA_USAGE = YES_ERROR;
				CLANG_WARN_DOCUMENTATION_COMMENTS = YES;
				CLANG_WARN_EMPTY_BODY = YES;
				CLANG_WARN_ENUM_CONVERSION = YES;
				CLANG_WARN_INFINITE_RECURSION = YES;
				CLANG_WARN_INT_CONVERSION = YES;
				CLANG_WARN_NON_LITERAL_NULL_CONVERSION = YES;
				CLANG_WARN_OBJC_IMPLICIT_RETAIN_SELF = YES;
				CLANG_WARN_OBJC_LITERAL_CONVERSION = YES;
				CLANG_WARN_OBJC_ROOT_CLASS = YES_ERROR;
				CLANG_WARN_RANGE_LOOP_ANALYSIS = YES;
				CLANG_WARN_STRICT_PROTOTYPES = YES;
				CLANG_WARN_SUSPICIOUS_MOVE = YES;
				CLANG_WARN_UNGUARDED_AVAILABILITY = YES_AGGRESSIVE;
				CLANG_WARN_UNREACHABLE_CODE = YES;
				CLANG_WARN__DUPLICATE_METHOD_MATCH = YES;
				COPY_PHASE_STRIP = NO;
				DEBUG_INFORMATION_FORMAT = dwarf;
				ENABLE_STRICT_OBJC_MSGSEND = YES;
				ENABLE_TESTABILITY = YES;
				GCC_C_LANGUAGE_STANDARD = gnu11;
				GCC_DYNAMIC_NO_PIC = NO;
				GCC_NO_COMMON_BLOCKS = YES;
				GCC_OPTIMIZATION_LEVEL = 0;
				GCC_PREPROCESSOR_DEFINITIONS = (
					"DEBUG=1",
					"$(inherited)",
				);
				GCC_WARN_64_TO_32_BIT_CONVERSION = YES;
				GCC_WARN_ABOUT_RETURN_TYPE = YES_ERROR;
				GCC_WARN_UNDECLARED_SELECTOR = YES;
				GCC_WARN_UNINITIALIZED_AUTOS = YES_AGGRESSIVE;
				GCC_WARN_UNUSED_FUNCTION = YES;
				GCC_WARN_UNUSED_VARIABLE = YES;
				IPHONEOS_DEPLOYMENT_TARGET = 13.2;
				MTL_ENABLE_DEBUG_INFO = INCLUDE_SOURCE;
				MTL_FAST_MATH = YES;
				ONLY_ACTIVE_ARCH = YES;
				SDKROOT = iphoneos;
				SWIFT_ACTIVE_COMPILATION_CONDITIONS = DEBUG;
				SWIFT_OPTIMIZATION_LEVEL = "-Onone";
			};
			name = Debug;
		};
		6D1AA3BA23DA9A6600C9C597 /* Release */ = {
			isa = XCBuildConfiguration;
			buildSettings = {
				ALWAYS_SEARCH_USER_PATHS = NO;
				CLANG_ANALYZER_NONNULL = YES;
				CLANG_ANALYZER_NUMBER_OBJECT_CONVERSION = YES_AGGRESSIVE;
				CLANG_CXX_LANGUAGE_STANDARD = "gnu++14";
				CLANG_CXX_LIBRARY = "libc++";
				CLANG_ENABLE_MODULES = YES;
				CLANG_ENABLE_OBJC_ARC = YES;
				CLANG_ENABLE_OBJC_WEAK = YES;
				CLANG_WARN_BLOCK_CAPTURE_AUTORELEASING = YES;
				CLANG_WARN_BOOL_CONVERSION = YES;
				CLANG_WARN_COMMA = YES;
				CLANG_WARN_CONSTANT_CONVERSION = YES;
				CLANG_WARN_DEPRECATED_OBJC_IMPLEMENTATIONS = YES;
				CLANG_WARN_DIRECT_OBJC_ISA_USAGE = YES_ERROR;
				CLANG_WARN_DOCUMENTATION_COMMENTS = YES;
				CLANG_WARN_EMPTY_BODY = YES;
				CLANG_WARN_ENUM_CONVERSION = YES;
				CLANG_WARN_INFINITE_RECURSION = YES;
				CLANG_WARN_INT_CONVERSION = YES;
				CLANG_WARN_NON_LITERAL_NULL_CONVERSION = YES;
				CLANG_WARN_OBJC_IMPLICIT_RETAIN_SELF = YES;
				CLANG_WARN_OBJC_LITERAL_CONVERSION = YES;
				CLANG_WARN_OBJC_ROOT_CLASS = YES_ERROR;
				CLANG_WARN_RANGE_LOOP_ANALYSIS = YES;
				CLANG_WARN_STRICT_PROTOTYPES = YES;
				CLANG_WARN_SUSPICIOUS_MOVE = YES;
				CLANG_WARN_UNGUARDED_AVAILABILITY = YES_AGGRESSIVE;
				CLANG_WARN_UNREACHABLE_CODE = YES;
				CLANG_WARN__DUPLICATE_METHOD_MATCH = YES;
				COPY_PHASE_STRIP = NO;
				DEBUG_INFORMATION_FORMAT = "dwarf-with-dsym";
				ENABLE_NS_ASSERTIONS = NO;
				ENABLE_STRICT_OBJC_MSGSEND = YES;
				GCC_C_LANGUAGE_STANDARD = gnu11;
				GCC_NO_COMMON_BLOCKS = YES;
				GCC_WARN_64_TO_32_BIT_CONVERSION = YES;
				GCC_WARN_ABOUT_RETURN_TYPE = YES_ERROR;
				GCC_WARN_UNDECLARED_SELECTOR = YES;
				GCC_WARN_UNINITIALIZED_AUTOS = YES_AGGRESSIVE;
				GCC_WARN_UNUSED_FUNCTION = YES;
				GCC_WARN_UNUSED_VARIABLE = YES;
				IPHONEOS_DEPLOYMENT_TARGET = 13.2;
				MTL_ENABLE_DEBUG_INFO = NO;
				MTL_FAST_MATH = YES;
				SDKROOT = iphoneos;
				SWIFT_COMPILATION_MODE = wholemodule;
				SWIFT_OPTIMIZATION_LEVEL = "-O";
				VALIDATE_PRODUCT = YES;
			};
			name = Release;
		};
		6D1AA3BC23DA9A6600C9C597 /* Debug */ = {
			isa = XCBuildConfiguration;
			buildSettings = {
				ASSETCATALOG_COMPILER_APPICON_NAME = AppIcon;
				CODE_SIGN_STYLE = Automatic;
				DEVELOPMENT_TEAM = 4DRM7LH39Z;
				INFOPLIST_FILE = sHeros/Info.plist;
				LD_RUNPATH_SEARCH_PATHS = (
					"$(inherited)",
					"@executable_path/Frameworks",
				);
				PRODUCT_BUNDLE_IDENTIFIER = br.com.rmdevwork.sHeros;
				PRODUCT_NAME = "$(TARGET_NAME)";
				SWIFT_VERSION = 5.0;
				TARGETED_DEVICE_FAMILY = "1,2";
			};
			name = Debug;
		};
		6D1AA3BD23DA9A6600C9C597 /* Release */ = {
			isa = XCBuildConfiguration;
			buildSettings = {
				ASSETCATALOG_COMPILER_APPICON_NAME = AppIcon;
				CODE_SIGN_STYLE = Automatic;
				DEVELOPMENT_TEAM = 4DRM7LH39Z;
				INFOPLIST_FILE = sHeros/Info.plist;
				LD_RUNPATH_SEARCH_PATHS = (
					"$(inherited)",
					"@executable_path/Frameworks",
				);
				PRODUCT_BUNDLE_IDENTIFIER = br.com.rmdevwork.sHeros;
				PRODUCT_NAME = "$(TARGET_NAME)";
				SWIFT_VERSION = 5.0;
				TARGETED_DEVICE_FAMILY = "1,2";
			};
			name = Release;
		};
		6D1AA3BF23DA9A6600C9C597 /* Debug */ = {
			isa = XCBuildConfiguration;
			buildSettings = {
				ALWAYS_EMBED_SWIFT_STANDARD_LIBRARIES = YES;
				BUNDLE_LOADER = "$(TEST_HOST)";
				CODE_SIGN_STYLE = Automatic;
				DEVELOPMENT_TEAM = 4DRM7LH39Z;
				INFOPLIST_FILE = sHerosTests/Info.plist;
				IPHONEOS_DEPLOYMENT_TARGET = 13.2;
				LD_RUNPATH_SEARCH_PATHS = (
					"$(inherited)",
					"@executable_path/Frameworks",
					"@loader_path/Frameworks",
				);
				PRODUCT_BUNDLE_IDENTIFIER = br.com.rmdevwork.sHerosTests;
				PRODUCT_NAME = "$(TARGET_NAME)";
				SWIFT_VERSION = 5.0;
				TARGETED_DEVICE_FAMILY = "1,2";
				TEST_HOST = "$(BUILT_PRODUCTS_DIR)/sHeros.app/sHeros";
			};
			name = Debug;
		};
		6D1AA3C023DA9A6600C9C597 /* Release */ = {
			isa = XCBuildConfiguration;
			buildSettings = {
				ALWAYS_EMBED_SWIFT_STANDARD_LIBRARIES = YES;
				BUNDLE_LOADER = "$(TEST_HOST)";
				CODE_SIGN_STYLE = Automatic;
				DEVELOPMENT_TEAM = 4DRM7LH39Z;
				INFOPLIST_FILE = sHerosTests/Info.plist;
				IPHONEOS_DEPLOYMENT_TARGET = 13.2;
				LD_RUNPATH_SEARCH_PATHS = (
					"$(inherited)",
					"@executable_path/Frameworks",
					"@loader_path/Frameworks",
				);
				PRODUCT_BUNDLE_IDENTIFIER = br.com.rmdevwork.sHerosTests;
				PRODUCT_NAME = "$(TARGET_NAME)";
				SWIFT_VERSION = 5.0;
				TARGETED_DEVICE_FAMILY = "1,2";
				TEST_HOST = "$(BUILT_PRODUCTS_DIR)/sHeros.app/sHeros";
			};
			name = Release;
		};
/* End XCBuildConfiguration section */

/* Begin XCConfigurationList section */
		6D1AA39723DA9A5F00C9C597 /* Build configuration list for PBXProject "sHeros" */ = {
			isa = XCConfigurationList;
			buildConfigurations = (
				6D1AA3B923DA9A6600C9C597 /* Debug */,
				6D1AA3BA23DA9A6600C9C597 /* Release */,
			);
			defaultConfigurationIsVisible = 0;
			defaultConfigurationName = Release;
		};
		6D1AA3BB23DA9A6600C9C597 /* Build configuration list for PBXNativeTarget "sHeros" */ = {
			isa = XCConfigurationList;
			buildConfigurations = (
				6D1AA3BC23DA9A6600C9C597 /* Debug */,
				6D1AA3BD23DA9A6600C9C597 /* Release */,
			);
			defaultConfigurationIsVisible = 0;
			defaultConfigurationName = Release;
		};
		6D1AA3BE23DA9A6600C9C597 /* Build configuration list for PBXNativeTarget "sHerosTests" */ = {
			isa = XCConfigurationList;
			buildConfigurations = (
				6D1AA3BF23DA9A6600C9C597 /* Debug */,
				6D1AA3C023DA9A6600C9C597 /* Release */,
			);
			defaultConfigurationIsVisible = 0;
			defaultConfigurationName = Release;
		};
/* End XCConfigurationList section */
	};
	rootObject = 6D1AA39423DA9A5F00C9C597 /* Project object */;
}
